PODS:
  - camera (0.0.1):
    - Flutter
  - Flutter (1.0.0)
  - flutter_beep (0.0.1):
    - Flutter
  - flutter_ringtone_player (0.0.1):
    - Flutter
  - package_info (0.0.1):
    - Flutter
  - path_provider (0.0.1):
    - Flutter
  - shared_preferences (0.0.1):
    - Flutter
  - soundpool (0.0.1):
    - Flutter
  - TensorFlowLiteC (2.2.0)
  - tflite (1.1.1):
    - Flutter
    - TensorFlowLiteC
  - wakelock (0.0.1):
    - Flutter

DEPENDENCIES:
  - camera (from `.symlinks/plugins/camera/ios`)
  - Flutter (from `Flutter`)
  - flutter_beep (from `.symlinks/plugins/flutter_beep/ios`)
  - flutter_ringtone_player (from `.symlinks/plugins/flutter_ringtone_player/ios`)
  - package_info (from `.symlinks/plugins/package_info/ios`)
  - path_provider (from `.symlinks/plugins/path_provider/ios`)
  - shared_preferences (from `.symlinks/plugins/shared_preferences/ios`)
  - soundpool (from `.symlinks/plugins/soundpool/ios`)
  - tflite (from `.symlinks/plugins/tflite/ios`)
  - wakelock (from `.symlinks/plugins/wakelock/ios`)

SPEC REPOS:
  trunk:
    - TensorFlowLiteC

EXTERNAL SOURCES:
  camera:
    :path: ".symlinks/plugins/camera/ios"
  Flutter:
    :path: Flutter
  flutter_beep:
    :path: ".symlinks/plugins/flutter_beep/ios"
  flutter_ringtone_player:
    :path: ".symlinks/plugins/flutter_ringtone_player/ios"
  package_info:
    :path: ".symlinks/plugins/package_info/ios"
  path_provider:
    :path: ".symlinks/plugins/path_provider/ios"
  shared_preferences:
    :path: ".symlinks/plugins/shared_preferences/ios"
  soundpool:
    :path: ".symlinks/plugins/soundpool/ios"
  tflite:
    :path: ".symlinks/plugins/tflite/ios"
  wakelock:
    :path: ".symlinks/plugins/wakelock/ios"

SPEC CHECKSUMS:
  camera: 38cc83ae9a5667bb5a71c7d9edaf60a91920fd4e
  Flutter: 434fef37c0980e73bb6479ef766c45957d4b510c
  flutter_beep: 54fb393b22dfa0f0e4573c81b1c74dd71c4e5af8
  flutter_ringtone_player: 15eba85187230b87b2512f0e1b92225618bc03e7
  package_info: 873975fc26034f0b863a300ad47e7f1ac6c7ec62
  path_provider: abfe2b5c733d04e238b0d8691db0cfd63a27a93c
  shared_preferences: af6bfa751691cdc24be3045c43ec037377ada40d
  soundpool: c7f4422ca206e77f8900ed3c4ee6a6ff5a0e38a9
  TensorFlowLiteC: b3ab9e867b0b71052ca102a32a786555b330b02e
  tflite: f0403a894740019d63ab5662253bba5b2dd37296
  wakelock: d0fc7c864128eac40eba1617cb5264d9c940b46f

PODFILE CHECKSUM: a75497545d4391e2d394c3668e20cfb1c2bbd4aa

COCOAPODS: 1.10.1
